
Microsoft Visual Studio Solution File, Format Version 12.00
# Visual Studio Version 17
VisualStudioVersion = 17.13.35931.197 d17.13
MinimumVisualStudioVersion = 10.0.40219.1
Project("{FAE04EC0-301F-11D3-BF4B-00C04F79EFBC}") = "ReceiptReward", "ReceiptReward.csproj", "{E623BC40-26F9-47AC-894B-E3A205FE0E47}"
EndProject
Global
	GlobalSection(SolutionConfigurationPlatforms) = preSolution
		Debug|Any CPU = Debug|Any CPU
		Release|Any CPU = Release|Any CPU
	EndGlobalSection
	GlobalSection(ProjectConfigurationPlatforms) = postSolution
		{E623BC40-26F9-47AC-894B-E3A205FE0E47}.Debug|Any CPU.ActiveCfg = Debug|Any CPU
		{E623BC40-26F9-47AC-894B-E3A205FE0E47}.Debug|Any CPU.Build.0 = Debug|Any CPU
		{E623BC40-26F9-47AC-894B-E3A205FE0E47}.Release|Any CPU.ActiveCfg = Release|Any CPU
		{E623BC40-26F9-47AC-894B-E3A205FE0E47}.Release|Any CPU.Build.0 = Release|Any CPU
	EndGlobalSection
	GlobalSection(SolutionProperties) = preSolution
		HideSolutionNode = FALSE
	EndGlobalSection
	GlobalSection(ExtensibilityGlobals) = postSolution
		SolutionGuid = {95AAA660-47AD-4457-A964-7C5F4606037D}
	EndGlobalSection
EndGlobal
